
Microsoft Visual Studio Solution File, Format Version 12.00
# Visual Studio Version 16
VisualStudioVersion = 16.0.31424.327
MinimumVisualStudioVersion = 10.0.40219.1
Project("{FAE04EC0-301F-11D3-BF4B-00C04F79EFBC}") = "AbstractTask", "AbstractTask\AbstractTask.csproj", "{D59BF135-A821-4C2D-BFA5-E5D31AEFBE1F}"
EndProject
Global
	GlobalSection(SolutionConfigurationPlatforms) = preSolution
		Debug|Any CPU = Debug|Any CPU
		Release|Any CPU = Release|Any CPU
	EndGlobalSection
	GlobalSection(ProjectConfigurationPlatforms) = postSolution
		{D59BF135-A821-4C2D-BFA5-E5D31AEFBE1F}.Debug|Any CPU.ActiveCfg = Debug|Any CPU
		{D59BF135-A821-4C2D-BFA5-E5D31AEFBE1F}.Debug|Any CPU.Build.0 = Debug|Any CPU
		{D59BF135-A821-4C2D-BFA5-E5D31AEFBE1F}.Release|Any CPU.ActiveCfg = Release|Any CPU
		{D59BF135-A821-4C2D-BFA5-E5D31AEFBE1F}.Release|Any CPU.Build.0 = Release|Any CPU
	EndGlobalSection
	GlobalSection(SolutionProperties) = preSolution
		HideSolutionNode = FALSE
	EndGlobalSection
	GlobalSection(ExtensibilityGlobals) = postSolution
		SolutionGuid = {CFBE26FC-D17F-435A-871A-0E87E401E27B}
	EndGlobalSection
EndGlobal
