
Microsoft Visual Studio Solution File, Format Version 12.00
# Visual Studio Version 16
VisualStudioVersion = 16.0.31424.327
MinimumVisualStudioVersion = 10.0.40219.1
Project("{9A19103F-16F7-4668-BE54-9A1E7A4F7556}") = "ClassLibrary1", "ClassLibrary1\ClassLibrary1.csproj", "{77038A13-3720-482C-8108-EACAE5F4A5EC}"
EndProject
Project("{FAE04EC0-301F-11D3-BF4B-00C04F79EFBC}") = "ClassLibrary2", "ClassLibrary2\ClassLibrary2.csproj", "{D99D4EF3-E427-4402-992B-53D300F626E3}"
EndProject
Project("{FAE04EC0-301F-11D3-BF4B-00C04F79EFBC}") = "MethodTask", "MethodTask\MethodTask.csproj", "{3C910514-831B-404B-9BC7-2D66A275D76C}"
EndProject
Global
	GlobalSection(SolutionConfigurationPlatforms) = preSolution
		Debug|Any CPU = Debug|Any CPU
		Release|Any CPU = Release|Any CPU
	EndGlobalSection
	GlobalSection(ProjectConfigurationPlatforms) = postSolution
		{77038A13-3720-482C-8108-EACAE5F4A5EC}.Debug|Any CPU.ActiveCfg = Debug|Any CPU
		{77038A13-3720-482C-8108-EACAE5F4A5EC}.Debug|Any CPU.Build.0 = Debug|Any CPU
		{77038A13-3720-482C-8108-EACAE5F4A5EC}.Release|Any CPU.ActiveCfg = Release|Any CPU
		{77038A13-3720-482C-8108-EACAE5F4A5EC}.Release|Any CPU.Build.0 = Release|Any CPU
		{D99D4EF3-E427-4402-992B-53D300F626E3}.Debug|Any CPU.ActiveCfg = Debug|Any CPU
		{D99D4EF3-E427-4402-992B-53D300F626E3}.Debug|Any CPU.Build.0 = Debug|Any CPU
		{D99D4EF3-E427-4402-992B-53D300F626E3}.Release|Any CPU.ActiveCfg = Release|Any CPU
		{D99D4EF3-E427-4402-992B-53D300F626E3}.Release|Any CPU.Build.0 = Release|Any CPU
		{3C910514-831B-404B-9BC7-2D66A275D76C}.Debug|Any CPU.ActiveCfg = Debug|Any CPU
		{3C910514-831B-404B-9BC7-2D66A275D76C}.Debug|Any CPU.Build.0 = Debug|Any CPU
		{3C910514-831B-404B-9BC7-2D66A275D76C}.Release|Any CPU.ActiveCfg = Release|Any CPU
		{3C910514-831B-404B-9BC7-2D66A275D76C}.Release|Any CPU.Build.0 = Release|Any CPU
	EndGlobalSection
	GlobalSection(SolutionProperties) = preSolution
		HideSolutionNode = FALSE
	EndGlobalSection
	GlobalSection(ExtensibilityGlobals) = postSolution
		SolutionGuid = {28960744-91B7-425F-8864-88351A06A51F}
	EndGlobalSection
EndGlobal
